$ANSIBLE_VAULT;1.1;AES256
64656134646538333939363937656137616466616534326637666236313636346461326266646131
6438396534636439326366323133313561326434646536360a386463333738666438393237626462
30613965393532343465666365323561333432363530613434646432306233346638396332303934
6266333336313736660a616161616166313066333766656261376631373663663437323265363036
38353239643465626165356564333733613235383430393430383937666431653862
